
Microsoft Visual Studio Solution File, Format Version 12.00
# Visual Studio 15
VisualStudioVersion = 15.0.28010.2019
MinimumVisualStudioVersion = 10.0.40219.1
Project("{FAE04EC0-301F-11D3-BF4B-00C04F79EFBC}") = "AutoLearning", "AutoLearning\AutoLearning.csproj", "{0F3E5D92-B2C3-4FF7-8C14-EC20F7A0C3E2}"
EndProject
Global
	GlobalSection(SolutionConfigurationPlatforms) = preSolution
		Debug|Any CPU = Debug|Any CPU
		Release|Any CPU = Release|Any CPU
	EndGlobalSection
	GlobalSection(ProjectConfigurationPlatforms) = postSolution
		{0F3E5D92-B2C3-4FF7-8C14-EC20F7A0C3E2}.Debug|Any CPU.ActiveCfg = Debug|Any CPU
		{0F3E5D92-B2C3-4FF7-8C14-EC20F7A0C3E2}.Debug|Any CPU.Build.0 = Debug|Any CPU
		{0F3E5D92-B2C3-4FF7-8C14-EC20F7A0C3E2}.Release|Any CPU.ActiveCfg = Release|Any CPU
		{0F3E5D92-B2C3-4FF7-8C14-EC20F7A0C3E2}.Release|Any CPU.Build.0 = Release|Any CPU
	EndGlobalSection
	GlobalSection(SolutionProperties) = preSolution
		HideSolutionNode = FALSE
	EndGlobalSection
	GlobalSection(ExtensibilityGlobals) = postSolution
		SolutionGuid = {0B15A2C5-3FE2-47CA-BB58-DE8B33D1FA2F}
	EndGlobalSection
EndGlobal
